
Microsoft Visual Studio Solution File, Format Version 12.00
# Visual Studio 2012
Project("{FAE04EC0-301F-11D3-BF4B-00C04F79EFBC}") = "WebApplication1", "WebApplication1\WebApplication1.csproj", "{60635E06-7DB9-4BD5-8C8C-BCBAAC5FFD8D}"
EndProject
Global
	GlobalSection(SolutionConfigurationPlatforms) = preSolution
		Debug|Any CPU = Debug|Any CPU
		Release|Any CPU = Release|Any CPU
	EndGlobalSection
	GlobalSection(ProjectConfigurationPlatforms) = postSolution
		{60635E06-7DB9-4BD5-8C8C-BCBAAC5FFD8D}.Debug|Any CPU.ActiveCfg = Debug|Any CPU
		{60635E06-7DB9-4BD5-8C8C-BCBAAC5FFD8D}.Debug|Any CPU.Build.0 = Debug|Any CPU
		{60635E06-7DB9-4BD5-8C8C-BCBAAC5FFD8D}.Release|Any CPU.ActiveCfg = Release|Any CPU
		{60635E06-7DB9-4BD5-8C8C-BCBAAC5FFD8D}.Release|Any CPU.Build.0 = Release|Any CPU
	EndGlobalSection
	GlobalSection(SolutionProperties) = preSolution
		HideSolutionNode = FALSE
	EndGlobalSection
EndGlobal
